%{
  "absinthe": {:hex, :absinthe, "1.8.0", "c2d941e951210ebd2494b4263d4354ca0a6d886d6dbf0cefaa21fe716a888a95", [:mix], [{:dataloader, "~> 1.0.0 or ~> 2.0", [hex: :dataloader, repo: "hexpm", optional: true]}, {:decimal, "~> 2.0", [hex: :decimal, repo: "hexpm", optional: true]}, {:nimble_parsec, "~> 1.2.2 or ~> 1.3", [hex: :nimble_parsec, repo: "hexpm", optional: false]}, {:opentelemetry_process_propagator, "~> 0.2.1 or ~> 0.3", [hex: :opentelemetry_process_propagator, repo: "hexpm", optional: true]}, {:telemetry, "~> 0.4 or ~> 1.0", [hex: :telemetry, repo: "hexpm", optional: false]}], "hexpm", "0ac63d2f07db21913e58d662e4415768986e1bd0d2cd48e2417cfe200441161b"},
  "absinthe_plug": {:hex, :absinthe_plug, "1.5.9", "4f66fd46aecf969b349dd94853e6132db6d832ae6a4b951312b6926ad4ee7ca3", [:mix], [{:absinthe, "~> 1.7", [hex: :absinthe, repo: "hexpm", optional: false]}, {:plug, "~> 1.4", [hex: :plug, repo: "hexpm", optional: false]}], "hexpm", "dcdc84334b0e9e2cd439bd2653678a822623f212c71088edf0a4a7d03f1fa225"},
  "bulma": {:hex, :bulma, "1.0.2", "50dfffe8d28b0bd527418560223b407f9e80e990e187e1653b17eff818f8fcbe", [:mix], [], "hexpm", "27745727ff7f451d140a2438c0ca4448bc8ca73e0a6d2d4f24e1b5b9ced8a774"},
  "bunt": {:hex, :bunt, "1.0.0", "081c2c665f086849e6d57900292b3a161727ab40431219529f13c4ddcf3e7a44", [:mix], [], "hexpm", "dc5f86aa08a5f6fa6b8096f0735c4e76d54ae5c9fa2c143e5a1fc7c1cd9bb6b5"},
  "cachex": {:hex, :cachex, "3.6.0", "14a1bfbeee060dd9bec25a5b6f4e4691e3670ebda28c8ba2884b12fe30b36bf8", [:mix], [{:eternal, "~> 1.2", [hex: :eternal, repo: "hexpm", optional: false]}, {:jumper, "~> 1.0", [hex: :jumper, repo: "hexpm", optional: false]}, {:sleeplocks, "~> 1.1", [hex: :sleeplocks, repo: "hexpm", optional: false]}, {:unsafe, "~> 1.0", [hex: :unsafe, repo: "hexpm", optional: false]}], "hexpm", "ebf24e373883bc8e0c8d894a63bbe102ae13d918f790121f5cfe6e485cc8e2e2"},
  "castore": {:hex, :castore, "1.0.16", "8a4f9a7c8b81cda88231a08fe69e3254f16833053b23fa63274b05cbc61d2a1e", [:mix], [], "hexpm", "33689203a0eaaf02fcd0e86eadfbcf1bd636100455350592e7e2628564022aaf"},
  "certifi": {:hex, :certifi, "2.15.0", "0e6e882fcdaaa0a5a9f2b3db55b1394dba07e8d6d9bcad08318fb604c6839712", [:rebar3], [], "hexpm", "b147ed22ce71d72eafdad94f055165c1c182f61a2ff49df28bcc71d1d5b94a60"},
  "chromic_pdf": {:hex, :chromic_pdf, "1.17.0", "d392a82b94bd55efbe973d59d5741515b5d6858317fc3122a1288a06355d2069", [:mix], [{:jason, "~> 1.1", [hex: :jason, repo: "hexpm", optional: false]}, {:nimble_pool, "~> 0.2 or ~> 1.0", [hex: :nimble_pool, repo: "hexpm", optional: false]}, {:phoenix_html, "~> 2.14 or ~> 3.3 or ~> 4.0", [hex: :phoenix_html, repo: "hexpm", optional: true]}, {:plug, "~> 1.11", [hex: :plug, repo: "hexpm", optional: true]}, {:plug_crypto, "~> 1.2 or ~> 2.0", [hex: :plug_crypto, repo: "hexpm", optional: true]}, {:telemetry, "~> 0.4 or ~> 1.0", [hex: :telemetry, repo: "hexpm", optional: false]}, {:websockex, ">= 0.4.3", [hex: :websockex, repo: "hexpm", optional: true]}], "hexpm", "3609f2e6f04fc0a4b3655be00bd4a4af53cc1cd5f1166dd856816e4d6fa82828"},
  "comeonin": {:hex, :comeonin, "5.5.1", "5113e5f3800799787de08a6e0db307133850e635d34e9fab23c70b6501669510", [:mix], [], "hexpm", "65aac8f19938145377cee73973f192c5645873dcf550a8a6b18187d17c13ccdb"},
  "contex": {:hex, :contex, "0.5.0", "5d8a6defbeb41f54adfcb0f85c4756d4f2b84aa5b0d809d45a5d2e90d91d0392", [:mix], [{:nimble_strftime, "~> 0.1.0", [hex: :nimble_strftime, repo: "hexpm", optional: false]}], "hexpm", "b7497a1790324d84247859df44ba4bcf2489d9bba1812a5375b2f2046b9e6fd7"},
  "cowboy": {:hex, :cowboy, "2.14.2", "4008be1df6ade45e4f2a4e9e2d22b36d0b5aba4e20b0a0d7049e28d124e34847", [:make, :rebar3], [{:cowlib, ">= 2.16.0 and < 3.0.0", [hex: :cowlib, repo: "hexpm", optional: false]}, {:ranch, ">= 1.8.0 and < 3.0.0", [hex: :ranch, repo: "hexpm", optional: false]}], "hexpm", "569081da046e7b41b5df36aa359be71a0c8874e5b9cff6f747073fc57baf1ab9"},
  "cowboy_telemetry": {:hex, :cowboy_telemetry, "0.4.0", "f239f68b588efa7707abce16a84d0d2acf3a0f50571f8bb7f56a15865aae820c", [:rebar3], [{:cowboy, "~> 2.7", [hex: :cowboy, repo: "hexpm", optional: false]}, {:telemetry, "~> 1.0", [hex: :telemetry, repo: "hexpm", optional: false]}], "hexpm", "7d98bac1ee4565d31b62d59f8823dfd8356a169e7fcbb83831b8a5397404c9de"},
  "cowlib": {:hex, :cowlib, "2.16.0", "54592074ebbbb92ee4746c8a8846e5605052f29309d3a873468d76cdf932076f", [:make, :rebar3], [], "hexpm", "7f478d80d66b747344f0ea7708c187645cfcc08b11aa424632f78e25bf05db51"},
  "credo": {:hex, :credo, "1.7.13", "126a0697df6b7b71cd18c81bc92335297839a806b6f62b61d417500d1070ff4e", [:mix], [{:bunt, "~> 0.2.1 or ~> 1.0", [hex: :bunt, repo: "hexpm", optional: false]}, {:file_system, "~> 0.2 or ~> 1.0", [hex: :file_system, repo: "hexpm", optional: false]}, {:jason, "~> 1.0", [hex: :jason, repo: "hexpm", optional: false]}], "hexpm", "47641e6d2bbff1e241e87695b29f617f1a8f912adea34296fb10ecc3d7e9e84f"},
  "csv": {:hex, :csv, "3.2.2", "452f96414b39a176b7c390af6d8b78f15130dc6167fe3b836729131f515d843e", [:mix], [], "hexpm", "cbf256ff74a3fa01d9ec420d07b19c90d410ed9fe5b6d6e1bc7662edf35bc574"},
  "dart_sass": {:hex, :dart_sass, "0.7.0", "7979e056cb74fd6843e1c72db763cffc7726a9192a657735b7d24c0d9c26a1ce", [:mix], [{:castore, ">= 0.0.0", [hex: :castore, repo: "hexpm", optional: false]}], "hexpm", "4a8e70bca41aa00846398abdf5ad8a64d7907a0f7bf40145cd2e40d5971629f2"},
  "db_connection": {:hex, :db_connection, "2.8.1", "9abdc1e68c34c6163f6fb96a96532272d13ad7ca45262156ae8b7ec6d9dc4bec", [:mix], [{:telemetry, "~> 0.4 or ~> 1.0", [hex: :telemetry, repo: "hexpm", optional: false]}], "hexpm", "a61a3d489b239d76f326e03b98794fb8e45168396c925ef25feb405ed09da8fd"},
  "decimal": {:hex, :decimal, "2.3.0", "3ad6255aa77b4a3c4f818171b12d237500e63525c2fd056699967a3e7ea20f62", [:mix], [], "hexpm", "a4d66355cb29cb47c3cf30e71329e58361cfcb37c34235ef3bf1d7bf3773aeac"},
  "dialyxir": {:hex, :dialyxir, "1.4.7", "dda948fcee52962e4b6c5b4b16b2d8fa7d50d8645bbae8b8685c3f9ecb7f5f4d", [:mix], [{:erlex, ">= 0.2.8", [hex: :erlex, repo: "hexpm", optional: false]}], "hexpm", "b34527202e6eb8cee198efec110996c25c5898f43a4094df157f8d28f27d9efe"},
  "earmark_parser": {:hex, :earmark_parser, "1.4.44", "f20830dd6b5c77afe2b063777ddbbff09f9759396500cdbe7523efd58d7a339c", [:mix], [], "hexpm", "4778ac752b4701a5599215f7030989c989ffdc4f6df457c5f36938cc2d2a2750"},
  "ecto": {:hex, :ecto, "3.13.5", "9d4a69700183f33bf97208294768e561f5c7f1ecf417e0fa1006e4a91713a834", [:mix], [{:decimal, "~> 2.0", [hex: :decimal, repo: "hexpm", optional: false]}, {:jason, "~> 1.0", [hex: :jason, repo: "hexpm", optional: true]}, {:telemetry, "~> 0.4 or ~> 1.0", [hex: :telemetry, repo: "hexpm", optional: false]}], "hexpm", "df9efebf70cf94142739ba357499661ef5dbb559ef902b68ea1f3c1fabce36de"},
  "ecto_sql": {:hex, :ecto_sql, "3.13.2", "a07d2461d84107b3d037097c822ffdd36ed69d1cf7c0f70e12a3d1decf04e2e1", [:mix], [{:db_connection, "~> 2.4.1 or ~> 2.5", [hex: :db_connection, repo: "hexpm", optional: false]}, {:ecto, "~> 3.13.0", [hex: :ecto, repo: "hexpm", optional: false]}, {:myxql, "~> 0.7", [hex: :myxql, repo: "hexpm", optional: true]}, {:postgrex, "~> 0.19 or ~> 1.0", [hex: :postgrex, repo: "hexpm", optional: true]}, {:tds, "~> 2.1.1 or ~> 2.2", [hex: :tds, repo: "hexpm", optional: true]}, {:telemetry, "~> 0.4.0 or ~> 1.0", [hex: :telemetry, repo: "hexpm", optional: false]}], "hexpm", "539274ab0ecf1a0078a6a72ef3465629e4d6018a3028095dc90f60a19c371717"},
  "elixir_make": {:hex, :elixir_make, "0.8.3", "d38d7ee1578d722d89b4d452a3e36bcfdc644c618f0d063b874661876e708683", [:mix], [{:castore, "~> 0.1 or ~> 1.0", [hex: :castore, repo: "hexpm", optional: true]}, {:certifi, "~> 2.0", [hex: :certifi, repo: "hexpm", optional: true]}], "hexpm", "5c99a18571a756d4af7a4d89ca75c28ac899e6103af6f223982f09ce44942cc9"},
  "erlex": {:hex, :erlex, "0.2.8", "cd8116f20f3c0afe376d1e8d1f0ae2452337729f68be016ea544a72f767d9c12", [:mix], [], "hexpm", "9d66ff9fedf69e49dc3fd12831e12a8a37b76f8651dd21cd45fcf5561a8a7590"},
  "esbuild": {:hex, :esbuild, "0.10.0", "b0aa3388a1c23e727c5a3e7427c932d89ee791746b0081bbe56103e9ef3d291f", [:mix], [{:jason, "~> 1.4", [hex: :jason, repo: "hexpm", optional: false]}], "hexpm", "468489cda427b974a7cc9f03ace55368a83e1a7be12fba7e30969af78e5f8c70"},
  "eternal": {:hex, :eternal, "1.2.2", "d1641c86368de99375b98d183042dd6c2b234262b8d08dfd72b9eeaafc2a1abd", [:mix], [], "hexpm", "2c9fe32b9c3726703ba5e1d43a1d255a4f3f2d8f8f9bc19f094c7cb1a7a9e782"},
  "ex_doc": {:hex, :ex_doc, "0.39.1", "e19d356a1ba1e8f8cfc79ce1c3f83884b6abfcb79329d435d4bbb3e97ccc286e", [:mix], [{:earmark_parser, "~> 1.4.44", [hex: :earmark_parser, repo: "hexpm", optional: false]}, {:makeup_c, ">= 0.1.0", [hex: :makeup_c, repo: "hexpm", optional: true]}, {:makeup_elixir, "~> 0.14 or ~> 1.0", [hex: :makeup_elixir, repo: "hexpm", optional: false]}, {:makeup_erlang, "~> 0.1 or ~> 1.0", [hex: :makeup_erlang, repo: "hexpm", optional: false]}, {:makeup_html, ">= 0.1.0", [hex: :makeup_html, repo: "hexpm", optional: true]}], "hexpm", "8abf0ed3e3ca87c0847dfc4168ceab5bedfe881692f1b7c45f4a11b232806865"},
  "expo": {:hex, :expo, "1.1.1", "4202e1d2ca6e2b3b63e02f69cfe0a404f77702b041d02b58597c00992b601db5", [:mix], [], "hexpm", "5fb308b9cb359ae200b7e23d37c76978673aa1b06e2b3075d814ce12c5811640"},
  "faker": {:hex, :faker, "0.18.0", "943e479319a22ea4e8e39e8e076b81c02827d9302f3d32726c5bf82f430e6e14", [:mix], [], "hexpm", "bfbdd83958d78e2788e99ec9317c4816e651ad05e24cfd1196ce5db5b3e81797"},
  "file_system": {:hex, :file_system, "1.1.1", "31864f4685b0148f25bd3fbef2b1228457c0c89024ad67f7a81a3ffbc0bbad3a", [:mix], [], "hexpm", "7a15ff97dfe526aeefb090a7a9d3d03aa907e100e262a0f8f7746b78f8f87a5d"},
  "finch": {:hex, :finch, "0.20.0", "5330aefb6b010f424dcbbc4615d914e9e3deae40095e73ab0c1bb0968933cadf", [:mix], [{:mime, "~> 1.0 or ~> 2.0", [hex: :mime, repo: "hexpm", optional: false]}, {:mint, "~> 1.6.2 or ~> 1.7", [hex: :mint, repo: "hexpm", optional: false]}, {:nimble_options, "~> 0.4 or ~> 1.0", [hex: :nimble_options, repo: "hexpm", optional: false]}, {:nimble_pool, "~> 1.1", [hex: :nimble_pool, repo: "hexpm", optional: false]}, {:telemetry, "~> 0.4 or ~> 1.0", [hex: :telemetry, repo: "hexpm", optional: false]}], "hexpm", "2658131a74d051aabfcba936093c903b8e89da9a1b63e430bee62045fa9b2ee2"},
  "floki": {:hex, :floki, "0.38.0", "62b642386fa3f2f90713f6e231da0fa3256e41ef1089f83b6ceac7a3fd3abf33", [:mix], [], "hexpm", "a5943ee91e93fb2d635b612caf5508e36d37548e84928463ef9dd986f0d1abd9"},
  "gen_smtp": {:hex, :gen_smtp, "1.3.0", "62c3d91f0dcf6ce9db71bcb6881d7ad0d1d834c7f38c13fa8e952f4104a8442e", [:rebar3], [{:ranch, ">= 1.8.0", [hex: :ranch, repo: "hexpm", optional: false]}], "hexpm", "0b73fbf069864ecbce02fe653b16d3f35fd889d0fdd4e14527675565c39d84e6"},
  "gettext": {:hex, :gettext, "1.0.2", "5457e1fd3f4abe47b0e13ff85086aabae760497a3497909b8473e0acee57673b", [:mix], [{:expo, "~> 0.5.1 or ~> 1.0", [hex: :expo, repo: "hexpm", optional: false]}], "hexpm", "eab805501886802071ad290714515c8c4a17196ea76e5afc9d06ca85fb1bfeb3"},
  "hackney": {:hex, :hackney, "1.25.0", "390e9b83f31e5b325b9f43b76e1a785cbdb69b5b6cd4e079aa67835ded046867", [:rebar3], [{:certifi, "~> 2.15.0", [hex: :certifi, repo: "hexpm", optional: false]}, {:idna, "~> 6.1.0", [hex: :idna, repo: "hexpm", optional: false]}, {:metrics, "~> 1.0.0", [hex: :metrics, repo: "hexpm", optional: false]}, {:mimerl, "~> 1.4", [hex: :mimerl, repo: "hexpm", optional: false]}, {:parse_trans, "3.4.1", [hex: :parse_trans, repo: "hexpm", optional: false]}, {:ssl_verify_fun, "~> 1.1.0", [hex: :ssl_verify_fun, repo: "hexpm", optional: false]}, {:unicode_util_compat, "~> 0.7.1", [hex: :unicode_util_compat, repo: "hexpm", optional: false]}], "hexpm", "7209bfd75fd1f42467211ff8f59ea74d6f2a9e81cbcee95a56711ee79fd6b1d4"},
  "hpax": {:hex, :hpax, "1.0.3", "ed67ef51ad4df91e75cc6a1494f851850c0bd98ebc0be6e81b026e765ee535aa", [:mix], [], "hexpm", "8eab6e1cfa8d5918c2ce4ba43588e894af35dbd8e91e6e55c817bca5847df34a"},
  "html_sanitize_ex": {:hex, :html_sanitize_ex, "1.4.3", "67b3d9fa8691b727317e0cc96b9b3093be00ee45419ffb221cdeee88e75d1360", [:mix], [{:mochiweb, "~> 2.15 or ~> 3.1", [hex: :mochiweb, repo: "hexpm", optional: false]}], "hexpm", "87748d3c4afe949c7c6eb7150c958c2bcba43fc5b2a02686af30e636b74bccb7"},
  "hut": {:hex, :hut, "1.4.0", "7a1238ec00f95c9ec75412587ee11ac652eca308a7f4b8cc9629746d579d6cf0", [:"erlang.mk", :rebar3], [], "hexpm", "7af8704b9bae98a336f70d9560fc3c97f15665265fa603dbd05352e63d6ebb03"},
  "idna": {:hex, :idna, "6.1.1", "8a63070e9f7d0c62eb9d9fcb360a7de382448200fbbd1b106cc96d3d8099df8d", [:rebar3], [{:unicode_util_compat, "~> 0.7.0", [hex: :unicode_util_compat, repo: "hexpm", optional: false]}], "hexpm", "92376eb7894412ed19ac475e4a86f7b413c1b9fbb5bd16dccd57934157944cea"},
  "jason": {:hex, :jason, "1.4.4", "b9226785a9aa77b6857ca22832cffa5d5011a667207eb2a0ad56adb5db443b8a", [:mix], [{:decimal, "~> 1.0 or ~> 2.0", [hex: :decimal, repo: "hexpm", optional: true]}], "hexpm", "c5eb0cab91f094599f94d55bc63409236a8ec69a21a67814529e8d5f6cc90b3b"},
  "jumper": {:hex, :jumper, "1.0.2", "68cdcd84472a00ac596b4e6459a41b3062d4427cbd4f1e8c8793c5b54f1406a7", [:mix], [], "hexpm", "9b7782409021e01ab3c08270e26f36eb62976a38c1aa64b2eaf6348422f165e1"},
  "makeup": {:hex, :makeup, "1.2.1", "e90ac1c65589ef354378def3ba19d401e739ee7ee06fb47f94c687016e3713d1", [:mix], [{:nimble_parsec, "~> 1.4", [hex: :nimble_parsec, repo: "hexpm", optional: false]}], "hexpm", "d36484867b0bae0fea568d10131197a4c2e47056a6fbe84922bf6ba71c8d17ce"},
  "makeup_elixir": {:hex, :makeup_elixir, "1.0.1", "e928a4f984e795e41e3abd27bfc09f51db16ab8ba1aebdba2b3a575437efafc2", [:mix], [{:makeup, "~> 1.0", [hex: :makeup, repo: "hexpm", optional: false]}, {:nimble_parsec, "~> 1.2.3 or ~> 1.3", [hex: :nimble_parsec, repo: "hexpm", optional: false]}], "hexpm", "7284900d412a3e5cfd97fdaed4f5ed389b8f2b4cb49efc0eb3bd10e2febf9507"},
  "makeup_erlang": {:hex, :makeup_erlang, "1.0.2", "03e1804074b3aa64d5fad7aa64601ed0fb395337b982d9bcf04029d68d51b6a7", [:mix], [{:makeup, "~> 1.0", [hex: :makeup, repo: "hexpm", optional: false]}], "hexpm", "af33ff7ef368d5893e4a267933e7744e46ce3cf1f61e2dccf53a111ed3aa3727"},
  "mappable": {:hex, :mappable, "0.2.4", "3038564db78bbde442100d9252aac484be746612bc74b333fbeaeffec8087efa", [:mix], [], "hexpm", "188d9291ca5eec10af61420b6738ef69244b7d7ec6dc98f7f4aa7a4e21f1a8b5"},
  "metrics": {:hex, :metrics, "1.0.1", "25f094dea2cda98213cecc3aeff09e940299d950904393b2a29d191c346a8486", [:rebar3], [], "hexpm", "69b09adddc4f74a40716ae54d140f93beb0fb8978d8636eaded0c31b6f099f16"},
  "mime": {:hex, :mime, "2.0.7", "b8d739037be7cd402aee1ba0306edfdef982687ee7e9859bee6198c1e7e2f128", [:mix], [], "hexpm", "6171188e399ee16023ffc5b76ce445eb6d9672e2e241d2df6050f3c771e80ccd"},
  "mimerl": {:hex, :mimerl, "1.4.0", "3882a5ca67fbbe7117ba8947f27643557adec38fa2307490c4c4207624cb213b", [:rebar3], [], "hexpm", "13af15f9f68c65884ecca3a3891d50a7b57d82152792f3e19d88650aa126b144"},
  "mint": {:hex, :mint, "1.7.1", "113fdb2b2f3b59e47c7955971854641c61f378549d73e829e1768de90fc1abf1", [:mix], [{:castore, "~> 0.1.0 or ~> 1.0", [hex: :castore, repo: "hexpm", optional: true]}, {:hpax, "~> 0.1.1 or ~> 0.2.0 or ~> 1.0", [hex: :hpax, repo: "hexpm", optional: false]}], "hexpm", "fceba0a4d0f24301ddee3024ae116df1c3f4bb7a563a731f45fdfeb9d39a231b"},
  "mochiweb": {:hex, :mochiweb, "3.3.0", "2898ad0bfeee234e4cbae623c7052abc3ff0d73d499ba6e6ffef445b13ffd07a", [:rebar3], [], "hexpm", "aa85b777fb23e9972ebc424e40b5d35106f19bc998873e026dedd876df8ee50c"},
  "money": {:hex, :money, "1.14.0", "61c1e9d9ae1dd45dae7f72568987b3e7275031c3f5a0bf8a053bd74259555934", [:mix], [{:decimal, "~> 1.2 or ~> 2.0", [hex: :decimal, repo: "hexpm", optional: true]}, {:ecto, "~> 2.1 or ~> 3.0", [hex: :ecto, repo: "hexpm", optional: true]}, {:phoenix_html, "~> 2.0 or ~> 3.0 or ~> 4.0", [hex: :phoenix_html, repo: "hexpm", optional: true]}], "hexpm", "b8691009e0c31715d2e5a3cca68ca2e1a46895d63c11257b317d8801ee2c54e3"},
  "nimble_options": {:hex, :nimble_options, "1.1.1", "e3a492d54d85fc3fd7c5baf411d9d2852922f66e69476317787a7b2bb000a61b", [:mix], [], "hexpm", "821b2470ca9442c4b6984882fe9bb0389371b8ddec4d45a9504f00a66f650b44"},
  "nimble_ownership": {:hex, :nimble_ownership, "1.0.2", "fa8a6f2d8c592ad4d79b2ca617473c6aefd5869abfa02563a77682038bf916cf", [:mix], [], "hexpm", "098af64e1f6f8609c6672127cfe9e9590a5d3fcdd82bc17a377b8692fd81a879"},
  "nimble_parsec": {:hex, :nimble_parsec, "1.4.2", "8efba0122db06df95bfaa78f791344a89352ba04baedd3849593bfce4d0dc1c6", [:mix], [], "hexpm", "4b21398942dda052b403bbe1da991ccd03a053668d147d53fb8c4e0efe09c973"},
  "nimble_pool": {:hex, :nimble_pool, "1.1.0", "bf9c29fbdcba3564a8b800d1eeb5a3c58f36e1e11d7b7fb2e084a643f645f06b", [:mix], [], "hexpm", "af2e4e6b34197db81f7aad230c1118eac993acc0dae6bc83bac0126d4ae0813a"},
  "nimble_strftime": {:hex, :nimble_strftime, "0.1.1", "b988184d1bd945bc139b2c27dd00a6c0774ec94f6b0b580083abd62d5d07818b", [:mix], [], "hexpm", "89e599c9b8b4d1203b7bb5c79eb51ef7c6a28fbc6228230b312f8b796310d755"},
  "octo_fetch": {:hex, :octo_fetch, "0.4.0", "074b5ecbc08be10b05b27e9db08bc20a3060142769436242702931c418695b19", [:mix], [{:castore, "~> 0.1 or ~> 1.0", [hex: :castore, repo: "hexpm", optional: false]}, {:ssl_verify_fun, "~> 1.1", [hex: :ssl_verify_fun, repo: "hexpm", optional: false]}], "hexpm", "cf8be6f40cd519d7000bb4e84adcf661c32e59369ca2827c4e20042eda7a7fc6"},
  "parse_trans": {:hex, :parse_trans, "3.4.1", "6e6aa8167cb44cc8f39441d05193be6e6f4e7c2946cb2759f015f8c56b76e5ff", [:rebar3], [], "hexpm", "620a406ce75dada827b82e453c19cf06776be266f5a67cff34e1ef2cbb60e49a"},
  "pbkdf2_elixir": {:hex, :pbkdf2_elixir, "2.3.1", "073866b593887365d0ff50bb806d860a50f454bcda49b5b6f4658c9173c53889", [:mix], [{:comeonin, "~> 5.3", [hex: :comeonin, repo: "hexpm", optional: false]}], "hexpm", "ab4da7db8aeb2db20e02a1d416cbb46d0690658aafb4396878acef8748c9c319"},
  "phoenix": {:hex, :phoenix, "1.7.21", "14ca4f1071a5f65121217d6b57ac5712d1857e40a0833aff7a691b7870fc9a3b", [:mix], [{:castore, ">= 0.0.0", [hex: :castore, repo: "hexpm", optional: false]}, {:jason, "~> 1.0", [hex: :jason, repo: "hexpm", optional: true]}, {:phoenix_pubsub, "~> 2.1", [hex: :phoenix_pubsub, repo: "hexpm", optional: false]}, {:phoenix_template, "~> 1.0", [hex: :phoenix_template, repo: "hexpm", optional: false]}, {:phoenix_view, "~> 2.0", [hex: :phoenix_view, repo: "hexpm", optional: true]}, {:plug, "~> 1.14", [hex: :plug, repo: "hexpm", optional: false]}, {:plug_cowboy, "~> 2.7", [hex: :plug_cowboy, repo: "hexpm", optional: true]}, {:plug_crypto, "~> 1.2 or ~> 2.0", [hex: :plug_crypto, repo: "hexpm", optional: false]}, {:telemetry, "~> 0.4 or ~> 1.0", [hex: :telemetry, repo: "hexpm", optional: false]}, {:websock_adapter, "~> 0.5.3", [hex: :websock_adapter, repo: "hexpm", optional: false]}], "hexpm", "336dce4f86cba56fed312a7d280bf2282c720abb6074bdb1b61ec8095bdd0bc9"},
  "phoenix_ecto": {:hex, :phoenix_ecto, "4.7.0", "75c4b9dfb3efdc42aec2bd5f8bccd978aca0651dbcbc7a3f362ea5d9d43153c6", [:mix], [{:ecto, "~> 3.5", [hex: :ecto, repo: "hexpm", optional: false]}, {:phoenix_html, "~> 2.14.2 or ~> 3.0 or ~> 4.1", [hex: :phoenix_html, repo: "hexpm", optional: true]}, {:plug, "~> 1.9", [hex: :plug, repo: "hexpm", optional: false]}, {:postgrex, "~> 0.16 or ~> 1.0", [hex: :postgrex, repo: "hexpm", optional: true]}], "hexpm", "1d75011e4254cb4ddf823e81823a9629559a1be93b4321a6a5f11a5306fbf4cc"},
  "phoenix_html": {:hex, :phoenix_html, "4.3.0", "d3577a5df4b6954cd7890c84d955c470b5310bb49647f0a114a6eeecc850f7ad", [:mix], [], "hexpm", "3eaa290a78bab0f075f791a46a981bbe769d94bc776869f4f3063a14f30497ad"},
  "phoenix_html_helpers": {:hex, :phoenix_html_helpers, "1.0.1", "7eed85c52eff80a179391036931791ee5d2f713d76a81d0d2c6ebafe1e11e5ec", [:mix], [{:phoenix_html, "~> 4.0", [hex: :phoenix_html, repo: "hexpm", optional: false]}, {:plug, "~> 1.5", [hex: :plug, repo: "hexpm", optional: true]}], "hexpm", "cffd2385d1fa4f78b04432df69ab8da63dc5cf63e07b713a4dcf36a3740e3090"},
  "phoenix_live_dashboard": {:hex, :phoenix_live_dashboard, "0.8.7", "405880012cb4b706f26dd1c6349125bfc903fb9e44d1ea668adaf4e04d4884b7", [:mix], [{:ecto, "~> 3.6.2 or ~> 3.7", [hex: :ecto, repo: "hexpm", optional: true]}, {:ecto_mysql_extras, "~> 0.5", [hex: :ecto_mysql_extras, repo: "hexpm", optional: true]}, {:ecto_psql_extras, "~> 0.7", [hex: :ecto_psql_extras, repo: "hexpm", optional: true]}, {:ecto_sqlite3_extras, "~> 1.1.7 or ~> 1.2.0", [hex: :ecto_sqlite3_extras, repo: "hexpm", optional: true]}, {:mime, "~> 1.6 or ~> 2.0", [hex: :mime, repo: "hexpm", optional: false]}, {:phoenix_live_view, "~> 0.19 or ~> 1.0", [hex: :phoenix_live_view, repo: "hexpm", optional: false]}, {:telemetry_metrics, "~> 0.6 or ~> 1.0", [hex: :telemetry_metrics, repo: "hexpm", optional: false]}], "hexpm", "3a8625cab39ec261d48a13b7468dc619c0ede099601b084e343968309bd4d7d7"},
  "phoenix_live_reload": {:hex, :phoenix_live_reload, "1.6.1", "05df733a09887a005ed0d69a7fc619d376aea2730bf64ce52ac51ce716cc1ef0", [:mix], [{:file_system, "~> 0.2.10 or ~> 1.0", [hex: :file_system, repo: "hexpm", optional: false]}, {:phoenix, "~> 1.4", [hex: :phoenix, repo: "hexpm", optional: false]}], "hexpm", "74273843d5a6e4fef0bbc17599f33e3ec63f08e69215623a0cd91eea4288e5a0"},
  "phoenix_live_view": {:hex, :phoenix_live_view, "0.20.17", "f396bbdaf4ba227b82251eb75ac0afa6b3da5e509bc0d030206374237dfc9450", [:mix], [{:floki, "~> 0.36", [hex: :floki, repo: "hexpm", optional: true]}, {:jason, "~> 1.0", [hex: :jason, repo: "hexpm", optional: true]}, {:phoenix, "~> 1.6.15 or ~> 1.7.0", [hex: :phoenix, repo: "hexpm", optional: false]}, {:phoenix_html, "~> 3.3 or ~> 4.0", [hex: :phoenix_html, repo: "hexpm", optional: false]}, {:phoenix_template, "~> 1.0", [hex: :phoenix_template, repo: "hexpm", optional: false]}, {:phoenix_view, "~> 2.0", [hex: :phoenix_view, repo: "hexpm", optional: true]}, {:plug, "~> 1.15", [hex: :plug, repo: "hexpm", optional: false]}, {:telemetry, "~> 0.4.2 or ~> 1.0", [hex: :telemetry, repo: "hexpm", optional: false]}], "hexpm", "a61d741ffb78c85fdbca0de084da6a48f8ceb5261a79165b5a0b59e5f65ce98b"},
  "phoenix_pubsub": {:hex, :phoenix_pubsub, "2.2.0", "ff3a5616e1bed6804de7773b92cbccfc0b0f473faf1f63d7daf1206c7aeaaa6f", [:mix], [], "hexpm", "adc313a5bf7136039f63cfd9668fde73bba0765e0614cba80c06ac9460ff3e96"},
  "phoenix_template": {:hex, :phoenix_template, "1.0.4", "e2092c132f3b5e5b2d49c96695342eb36d0ed514c5b252a77048d5969330d639", [:mix], [{:phoenix_html, "~> 2.14.2 or ~> 3.0 or ~> 4.0", [hex: :phoenix_html, repo: "hexpm", optional: true]}], "hexpm", "2c0c81f0e5c6753faf5cca2f229c9709919aba34fab866d3bc05060c9c444206"},
  "phoenix_view": {:hex, :phoenix_view, "2.0.4", "b45c9d9cf15b3a1af5fb555c674b525391b6a1fe975f040fb4d913397b31abf4", [:mix], [{:phoenix_html, "~> 2.14.2 or ~> 3.0 or ~> 4.0", [hex: :phoenix_html, repo: "hexpm", optional: true]}, {:phoenix_template, "~> 1.0", [hex: :phoenix_template, repo: "hexpm", optional: false]}], "hexpm", "4e992022ce14f31fe57335db27a28154afcc94e9983266835bb3040243eb620b"},
  "plug": {:hex, :plug, "1.18.1", "5067f26f7745b7e31bc3368bc1a2b818b9779faa959b49c934c17730efc911cf", [:mix], [{:mime, "~> 1.0 or ~> 2.0", [hex: :mime, repo: "hexpm", optional: false]}, {:plug_crypto, "~> 1.1.1 or ~> 1.2 or ~> 2.0", [hex: :plug_crypto, repo: "hexpm", optional: false]}, {:telemetry, "~> 0.4.3 or ~> 1.0", [hex: :telemetry, repo: "hexpm", optional: false]}], "hexpm", "57a57db70df2b422b564437d2d33cf8d33cd16339c1edb190cd11b1a3a546cc2"},
  "plug_cowboy": {:hex, :plug_cowboy, "2.7.4", "729c752d17cf364e2b8da5bdb34fb5804f56251e88bb602aff48ae0bd8673d11", [:mix], [{:cowboy, "~> 2.7", [hex: :cowboy, repo: "hexpm", optional: false]}, {:cowboy_telemetry, "~> 0.3", [hex: :cowboy_telemetry, repo: "hexpm", optional: false]}, {:plug, "~> 1.14", [hex: :plug, repo: "hexpm", optional: false]}], "hexpm", "9b85632bd7012615bae0a5d70084deb1b25d2bcbb32cab82d1e9a1e023168aa3"},
  "plug_crypto": {:hex, :plug_crypto, "2.1.1", "19bda8184399cb24afa10be734f84a16ea0a2bc65054e23a62bb10f06bc89491", [:mix], [], "hexpm", "6470bce6ffe41c8bd497612ffde1a7e4af67f36a15eea5f921af71cf3e11247c"},
  "postgrex": {:hex, :postgrex, "0.21.1", "2c5cc830ec11e7a0067dd4d623c049b3ef807e9507a424985b8dcf921224cd88", [:mix], [{:db_connection, "~> 2.1", [hex: :db_connection, repo: "hexpm", optional: false]}, {:decimal, "~> 1.5 or ~> 2.0", [hex: :decimal, repo: "hexpm", optional: false]}, {:jason, "~> 1.0", [hex: :jason, repo: "hexpm", optional: true]}, {:table, "~> 0.1.0", [hex: :table, repo: "hexpm", optional: true]}], "hexpm", "27d8d21c103c3cc68851b533ff99eef353e6a0ff98dc444ea751de43eb48bdac"},
  "prom_ex": {:hex, :prom_ex, "1.9.0", "63e6dda6c05cdeec1f26c48443dcc38ffd2118b3665ae8d2bd0e5b79f2aea03e", [:mix], [{:absinthe, ">= 1.6.0", [hex: :absinthe, repo: "hexpm", optional: true]}, {:broadway, ">= 1.0.2", [hex: :broadway, repo: "hexpm", optional: true]}, {:ecto, ">= 3.5.0", [hex: :ecto, repo: "hexpm", optional: true]}, {:finch, "~> 0.15", [hex: :finch, repo: "hexpm", optional: false]}, {:jason, "~> 1.2", [hex: :jason, repo: "hexpm", optional: false]}, {:oban, ">= 2.4.0", [hex: :oban, repo: "hexpm", optional: true]}, {:octo_fetch, "~> 0.3", [hex: :octo_fetch, repo: "hexpm", optional: false]}, {:phoenix, ">= 1.5.0", [hex: :phoenix, repo: "hexpm", optional: true]}, {:phoenix_live_view, ">= 0.14.0", [hex: :phoenix_live_view, repo: "hexpm", optional: true]}, {:plug, ">= 1.12.1", [hex: :plug, repo: "hexpm", optional: true]}, {:plug_cowboy, "~> 2.5", [hex: :plug_cowboy, repo: "hexpm", optional: false]}, {:telemetry, ">= 1.0.0", [hex: :telemetry, repo: "hexpm", optional: false]}, {:telemetry_metrics, "~> 0.6", [hex: :telemetry_metrics, repo: "hexpm", optional: false]}, {:telemetry_metrics_prometheus_core, "~> 1.0", [hex: :telemetry_metrics_prometheus_core, repo: "hexpm", optional: false]}, {:telemetry_poller, "~> 1.0", [hex: :telemetry_poller, repo: "hexpm", optional: false]}], "hexpm", "01f3d4f69ec93068219e686cc65e58a29c42bea5429a8ff4e2121f19db178ee6"},
  "ranch": {:hex, :ranch, "2.2.0", "25528f82bc8d7c6152c57666ca99ec716510fe0925cb188172f41ce93117b1b0", [:make, :rebar3], [], "hexpm", "fa0b99a1780c80218a4197a59ea8d3bdae32fbff7e88527d7d8a4787eff4f8e7"},
  "sentry": {:hex, :sentry, "11.0.4", "60371c96cefd247e0fc98840bba2648f64f19aa0b8db8e938f5a98421f55b619", [:mix], [{:hackney, "~> 1.8", [hex: :hackney, repo: "hexpm", optional: true]}, {:igniter, "~> 0.5", [hex: :igniter, repo: "hexpm", optional: true]}, {:jason, "~> 1.1", [hex: :jason, repo: "hexpm", optional: true]}, {:nimble_options, "~> 1.0", [hex: :nimble_options, repo: "hexpm", optional: false]}, {:nimble_ownership, "~> 0.3.0 or ~> 1.0", [hex: :nimble_ownership, repo: "hexpm", optional: false]}, {:opentelemetry, ">= 0.0.0", [hex: :opentelemetry, repo: "hexpm", optional: true]}, {:opentelemetry_api, ">= 0.0.0", [hex: :opentelemetry_api, repo: "hexpm", optional: true]}, {:opentelemetry_exporter, ">= 0.0.0", [hex: :opentelemetry_exporter, repo: "hexpm", optional: true]}, {:opentelemetry_semantic_conventions, ">= 0.0.0", [hex: :opentelemetry_semantic_conventions, repo: "hexpm", optional: true]}, {:phoenix, "~> 1.6", [hex: :phoenix, repo: "hexpm", optional: true]}, {:phoenix_live_view, "~> 0.20 or ~> 1.0", [hex: :phoenix_live_view, repo: "hexpm", optional: true]}, {:plug, "~> 1.6", [hex: :plug, repo: "hexpm", optional: true]}, {:telemetry, "~> 0.4 or ~> 1.0", [hex: :telemetry, repo: "hexpm", optional: true]}], "hexpm", "feaafc284dc204c82aadaddc884227aeaa3480decb274d30e184b9d41a700c66"},
  "sleeplocks": {:hex, :sleeplocks, "1.1.3", "96a86460cc33b435c7310dbd27ec82ca2c1f24ae38e34f8edde97f756503441a", [:rebar3], [], "hexpm", "d3b3958552e6eb16f463921e70ae7c767519ef8f5be46d7696cc1ed649421321"},
  "sobelow": {:hex, :sobelow, "0.14.1", "2f81e8632f15574cba2402bcddff5497b413c01e6f094bc0ab94e83c2f74db81", [:mix], [{:jason, "~> 1.0", [hex: :jason, repo: "hexpm", optional: false]}], "hexpm", "8fac9a2bd90fdc4b15d6fca6e1608efb7f7c600fa75800813b794ee9364c87f2"},
  "ssl_verify_fun": {:hex, :ssl_verify_fun, "1.1.7", "354c321cf377240c7b8716899e182ce4890c5938111a1296add3ec74cf1715df", [:make, :mix, :rebar3], [], "hexpm", "fe4c190e8f37401d30167c8c405eda19469f34577987c76dde613e838bbc67f8"},
  "swoosh": {:hex, :swoosh, "1.19.8", "0576f2ea96d1bb3a6e02cc9f79cbd7d497babc49a353eef8dce1a1f9f82d7915", [:mix], [{:bandit, ">= 1.0.0", [hex: :bandit, repo: "hexpm", optional: true]}, {:cowboy, "~> 1.1 or ~> 2.4", [hex: :cowboy, repo: "hexpm", optional: true]}, {:ex_aws, "~> 2.1", [hex: :ex_aws, repo: "hexpm", optional: true]}, {:finch, "~> 0.6", [hex: :finch, repo: "hexpm", optional: true]}, {:gen_smtp, "~> 0.13 or ~> 1.0", [hex: :gen_smtp, repo: "hexpm", optional: true]}, {:hackney, "~> 1.9", [hex: :hackney, repo: "hexpm", optional: true]}, {:idna, "~> 6.0", [hex: :idna, repo: "hexpm", optional: false]}, {:jason, "~> 1.0", [hex: :jason, repo: "hexpm", optional: false]}, {:mail, "~> 0.2", [hex: :mail, repo: "hexpm", optional: true]}, {:mime, "~> 1.1 or ~> 2.0", [hex: :mime, repo: "hexpm", optional: false]}, {:mua, "~> 0.2.3", [hex: :mua, repo: "hexpm", optional: true]}, {:multipart, "~> 0.4", [hex: :multipart, repo: "hexpm", optional: true]}, {:plug, "~> 1.9", [hex: :plug, repo: "hexpm", optional: true]}, {:plug_cowboy, ">= 1.0.0", [hex: :plug_cowboy, repo: "hexpm", optional: true]}, {:req, "~> 0.5.10 or ~> 0.6 or ~> 1.0", [hex: :req, repo: "hexpm", optional: true]}, {:telemetry, "~> 0.4.2 or ~> 1.0", [hex: :telemetry, repo: "hexpm", optional: false]}], "hexpm", "d7503c2daf0f9899afd8eba9923eeddef4b62e70816e1d3b6766e4d6c60e94ad"},
  "telemetry": {:hex, :telemetry, "1.3.0", "fedebbae410d715cf8e7062c96a1ef32ec22e764197f70cda73d82778d61e7a2", [:rebar3], [], "hexpm", "7015fc8919dbe63764f4b4b87a95b7c0996bd539e0d499be6ec9d7f3875b79e6"},
  "telemetry_metrics": {:hex, :telemetry_metrics, "0.6.2", "2caabe9344ec17eafe5403304771c3539f3b6e2f7fb6a6f602558c825d0d0bfb", [:mix], [{:telemetry, "~> 0.4 or ~> 1.0", [hex: :telemetry, repo: "hexpm", optional: false]}], "hexpm", "9b43db0dc33863930b9ef9d27137e78974756f5f198cae18409970ed6fa5b561"},
  "telemetry_metrics_prometheus_core": {:hex, :telemetry_metrics_prometheus_core, "1.2.1", "c9755987d7b959b557084e6990990cb96a50d6482c683fb9622a63837f3cd3d8", [:mix], [{:telemetry, "~> 0.4 or ~> 1.0", [hex: :telemetry, repo: "hexpm", optional: false]}, {:telemetry_metrics, "~> 0.6 or ~> 1.0", [hex: :telemetry_metrics, repo: "hexpm", optional: false]}], "hexpm", "5e2c599da4983c4f88a33e9571f1458bf98b0cf6ba930f1dc3a6e8cf45d5afb6"},
  "telemetry_poller": {:hex, :telemetry_poller, "1.3.0", "d5c46420126b5ac2d72bc6580fb4f537d35e851cc0f8dbd571acf6d6e10f5ec7", [:rebar3], [{:telemetry, "~> 1.0", [hex: :telemetry, repo: "hexpm", optional: false]}], "hexpm", "51f18bed7128544a50f75897db9974436ea9bfba560420b646af27a9a9b35211"},
  "unicode_util_compat": {:hex, :unicode_util_compat, "0.7.1", "a48703a25c170eedadca83b11e88985af08d35f37c6f664d6dcfb106a97782fc", [:rebar3], [], "hexpm", "b3a917854ce3ae233619744ad1e0102e05673136776fb2fa76234f3e03b23642"},
  "unsafe": {:hex, :unsafe, "1.0.2", "23c6be12f6c1605364801f4b47007c0c159497d0446ad378b5cf05f1855c0581", [:mix], [], "hexpm", "b485231683c3ab01a9cd44cb4a79f152c6f3bb87358439c6f68791b85c2df675"},
  "websock": {:hex, :websock, "0.5.3", "2f69a6ebe810328555b6fe5c831a851f485e303a7c8ce6c5f675abeb20ebdadc", [:mix], [], "hexpm", "6105453d7fac22c712ad66fab1d45abdf049868f253cf719b625151460b8b453"},
  "websock_adapter": {:hex, :websock_adapter, "0.5.9", "43dc3ba6d89ef5dec5b1d0a39698436a1e856d000d84bf31a3149862b01a287f", [:mix], [{:bandit, ">= 0.6.0", [hex: :bandit, repo: "hexpm", optional: true]}, {:plug, "~> 1.14", [hex: :plug, repo: "hexpm", optional: false]}, {:plug_cowboy, "~> 2.6", [hex: :plug_cowboy, repo: "hexpm", optional: true]}, {:websock, "~> 0.5", [hex: :websock, repo: "hexpm", optional: false]}], "hexpm", "5534d5c9adad3c18a0f58a9371220d75a803bf0b9a3d87e6fe072faaeed76a08"},
}
